
Microsoft Visual Studio Solution File, Format Version 12.00
# Visual Studio 15
VisualStudioVersion = 15.0.27428.2011
MinimumVisualStudioVersion = 10.0.40219.1
Project("{FAE04EC0-301F-11D3-BF4B-00C04F79EFBC}") = "Client", "Client\Client.csproj", "{E628681F-D766-46CB-89C5-8D94A08FE538}"
EndProject
Project("{FAE04EC0-301F-11D3-BF4B-00C04F79EFBC}") = "BankClient", "BankClient\BankClient.csproj", "{57B087C6-D8B4-49BE-B99F-8D1A05C42D20}"
EndProject
Project("{FAE04EC0-301F-11D3-BF4B-00C04F79EFBC}") = "Shared", "Shared\Shared.csproj", "{EDFE9C7E-BCFD-4622-91F0-D33C74491CC4}"
EndProject
Project("{FAE04EC0-301F-11D3-BF4B-00C04F79EFBC}") = "Server", "Server\Server.csproj", "{1D08D02D-1351-4E99-ADD7-5A354BF9C771}"
EndProject
Project("{FAE04EC0-301F-11D3-BF4B-00C04F79EFBC}") = "Database", "Database\Database.csproj", "{29B3960D-778F-45AA-B1DE-89D25878FC79}"
EndProject
Global
	GlobalSection(SolutionConfigurationPlatforms) = preSolution
		Debug|Any CPU = Debug|Any CPU
		Release|Any CPU = Release|Any CPU
	EndGlobalSection
	GlobalSection(ProjectConfigurationPlatforms) = postSolution
		{E628681F-D766-46CB-89C5-8D94A08FE538}.Debug|Any CPU.ActiveCfg = Debug|Any CPU
		{E628681F-D766-46CB-89C5-8D94A08FE538}.Debug|Any CPU.Build.0 = Debug|Any CPU
		{E628681F-D766-46CB-89C5-8D94A08FE538}.Release|Any CPU.ActiveCfg = Release|Any CPU
		{E628681F-D766-46CB-89C5-8D94A08FE538}.Release|Any CPU.Build.0 = Release|Any CPU
		{57B087C6-D8B4-49BE-B99F-8D1A05C42D20}.Debug|Any CPU.ActiveCfg = Debug|Any CPU
		{57B087C6-D8B4-49BE-B99F-8D1A05C42D20}.Debug|Any CPU.Build.0 = Debug|Any CPU
		{57B087C6-D8B4-49BE-B99F-8D1A05C42D20}.Release|Any CPU.ActiveCfg = Release|Any CPU
		{57B087C6-D8B4-49BE-B99F-8D1A05C42D20}.Release|Any CPU.Build.0 = Release|Any CPU
		{EDFE9C7E-BCFD-4622-91F0-D33C74491CC4}.Debug|Any CPU.ActiveCfg = Debug|Any CPU
		{EDFE9C7E-BCFD-4622-91F0-D33C74491CC4}.Debug|Any CPU.Build.0 = Debug|Any CPU
		{EDFE9C7E-BCFD-4622-91F0-D33C74491CC4}.Release|Any CPU.ActiveCfg = Release|Any CPU
		{EDFE9C7E-BCFD-4622-91F0-D33C74491CC4}.Release|Any CPU.Build.0 = Release|Any CPU
		{1D08D02D-1351-4E99-ADD7-5A354BF9C771}.Debug|Any CPU.ActiveCfg = Debug|Any CPU
		{1D08D02D-1351-4E99-ADD7-5A354BF9C771}.Debug|Any CPU.Build.0 = Debug|Any CPU
		{1D08D02D-1351-4E99-ADD7-5A354BF9C771}.Release|Any CPU.ActiveCfg = Release|Any CPU
		{1D08D02D-1351-4E99-ADD7-5A354BF9C771}.Release|Any CPU.Build.0 = Release|Any CPU
		{29B3960D-778F-45AA-B1DE-89D25878FC79}.Debug|Any CPU.ActiveCfg = Debug|Any CPU
		{29B3960D-778F-45AA-B1DE-89D25878FC79}.Debug|Any CPU.Build.0 = Debug|Any CPU
		{29B3960D-778F-45AA-B1DE-89D25878FC79}.Release|Any CPU.ActiveCfg = Release|Any CPU
		{29B3960D-778F-45AA-B1DE-89D25878FC79}.Release|Any CPU.Build.0 = Release|Any CPU
	EndGlobalSection
	GlobalSection(SolutionProperties) = preSolution
		HideSolutionNode = FALSE
	EndGlobalSection
	GlobalSection(ExtensibilityGlobals) = postSolution
		SolutionGuid = {4A119912-0A3B-4E62-A114-83F3223D935F}
	EndGlobalSection
EndGlobal
